// !$*UTF8*$!
{
	archiveVersion = 1;
	classes = {
	};
	objectVersion = 50;
	objects = {

/* Begin PBXBuildFile section */
		A347BAF42160FEE1003D695A /* AppDelegate.swift in Sources */ = {isa = PBXBuildFile; fileRef = A347BAF32160FEE1003D695A /* AppDelegate.swift */; };
		A347BAF62160FEE1003D695A /* ViewController.swift in Sources */ = {isa = PBXBuildFile; fileRef = A347BAF52160FEE1003D695A /* ViewController.swift */; };
		A347BAF92160FEE1003D695A /* Main.storyboard in Resources */ = {isa = PBXBuildFile; fileRef = A347BAF72160FEE1003D695A /* Main.storyboard */; };
		A347BAFB2160FEE3003D695A /* Assets.xcassets in Resources */ = {isa = PBXBuildFile; fileRef = A347BAFA2160FEE3003D695A /* Assets.xcassets */; };
		A347BAFE2160FEE3003D695A /* LaunchScreen.storyboard in Resources */ = {isa = PBXBuildFile; fileRef = A347BAFC2160FEE3003D695A /* LaunchScreen.storyboard */; };
		A347BB092160FEE3003D695A /* app_swooshTests.swift in Sources */ = {isa = PBXBuildFile; fileRef = A347BB082160FEE3003D695A /* app_swooshTests.swift */; };
		A347BB142160FEE3003D695A /* app_swooshUITests.swift in Sources */ = {isa = PBXBuildFile; fileRef = A347BB132160FEE3003D695A /* app_swooshUITests.swift */; };
/* End PBXBuildFile section */

/* Begin PBXContainerItemProxy section */
		A347BB052160FEE3003D695A /* PBXContainerItemProxy */ = {
			isa = PBXContainerItemProxy;
			containerPortal = A347BAE82160FEE1003D695A /* Project object */;
			proxyType = 1;
			remoteGlobalIDString = A347BAEF2160FEE1003D695A;
			remoteInfo = "app-swoosh";
		};
		A347BB102160FEE3003D695A /* PBXContainerItemProxy */ = {
			isa = PBXContainerItemProxy;
			containerPortal = A347BAE82160FEE1003D695A /* Project object */;
			proxyType = 1;
			remoteGlobalIDString = A347BAEF2160FEE1003D695A;
			remoteInfo = "app-swoosh";
		};
/* End PBXContainerItemProxy section */

/* Begin PBXFileReference section */
		A347BAF02160FEE1003D695A /* app-swoosh.app */ = {isa = PBXFileReference; explicitFileType = wrapper.application; includeInIndex = 0; path = "app-swoosh.app"; sourceTree = BUILT_PRODUCTS_DIR; };
		A347BAF32160FEE1003D695A /* AppDelegate.swift */ = {isa = PBXFileReference; lastKnownFileType = sourcecode.swift; path = AppDelegate.swift; sourceTree = "<group>"; };
		A347BAF52160FEE1003D695A /* ViewController.swift */ = {isa = PBXFileReference; lastKnownFileType = sourcecode.swift; path = ViewController.swift; sourceTree = "<group>"; };
		A347BAF82160FEE1003D695A /* Base */ = {isa = PBXFileReference; lastKnownFileType = file.storyboard; name = Base; path = Base.lproj/Main.storyboard; sourceTree = "<group>"; };
		A347BAFA2160FEE3003D695A /* Assets.xcassets */ = {isa = PBXFileReference; lastKnownFileType = folder.assetcatalog; path = Assets.xcassets; sourceTree = "<group>"; };
		A347BAFD2160FEE3003D695A /* Base */ = {isa = PBXFileReference; lastKnownFileType = file.storyboard; name = Base; path = Base.lproj/LaunchScreen.storyboard; sourceTree = "<group>"; };
		A347BAFF2160FEE3003D695A /* Info.plist */ = {isa = PBXFileReference; lastKnownFileType = text.plist.xml; path = Info.plist; sourceTree = "<group>"; };
		A347BB042160FEE3003D695A /* app-swooshTests.xctest */ = {isa = PBXFileReference; explicitFileType = wrapper.cfbundle; includeInIndex = 0; path = "app-swooshTests.xctest"; sourceTree = BUILT_PRODUCTS_DIR; };
		A347BB082160FEE3003D695A /* app_swooshTests.swift */ = {isa = PBXFileReference; lastKnownFileType = sourcecode.swift; path = app_swooshTests.swift; sourceTree = "<group>"; };
		A347BB0A2160FEE3003D695A /* Info.plist */ = {isa = PBXFileReference; lastKnownFileType = text.plist.xml; path = Info.plist; sourceTree = "<group>"; };
		A347BB0F2160FEE3003D695A /* app-swooshUITests.xctest */ = {isa = PBXFileReference; explicitFileType = wrapper.cfbundle; includeInIndex = 0; path = "app-swooshUITests.xctest"; sourceTree = BUILT_PRODUCTS_DIR; };
		A347BB132160FEE3003D695A /* app_swooshUITests.swift */ = {isa = PBXFileReference; lastKnownFileType = sourcecode.swift; path = app_swooshUITests.swift; sourceTree = "<group>"; };
		A347BB152160FEE3003D695A /* Info.plist */ = {isa = PBXFileReference; lastKnownFileType = text.plist.xml; path = Info.plist; sourceTree = "<group>"; };
/* End PBXFileReference section */

/* Begin PBXFrameworksBuildPhase section */
		A347BAED2160FEE1003D695A /* Frameworks */ = {
			isa = PBXFrameworksBuildPhase;
			buildActionMask = 2147483647;
			files = (
			);
			runOnlyForDeploymentPostprocessing = 0;
		};
		A347BB012160FEE3003D695A /* Frameworks */ = {
			isa = PBXFrameworksBuildPhase;
			buildActionMask = 2147483647;
			files = (
			);
			runOnlyForDeploymentPostprocessing = 0;
		};
		A347BB0C2160FEE3003D695A /* Frameworks */ = {
			isa = PBXFrameworksBuildPhase;
			buildActionMask = 2147483647;
			files = (
			);
			runOnlyForDeploymentPostprocessing = 0;
		};
/* End PBXFrameworksBuildPhase section */

/* Begin PBXGroup section */
		A347BAE72160FEE1003D695A = {
			isa = PBXGroup;
			children = (
				A347BAF22160FEE1003D695A /* app-swoosh */,
				A347BB072160FEE3003D695A /* app-swooshTests */,
				A347BB122160FEE3003D695A /* app-swooshUITests */,
				A347BAF12160FEE1003D695A /* Products */,
			);
			sourceTree = "<group>";
		};
		A347BAF12160FEE1003D695A /* Products */ = {
			isa = PBXGroup;
			children = (
				A347BAF02160FEE1003D695A /* app-swoosh.app */,
				A347BB042160FEE3003D695A /* app-swooshTests.xctest */,
				A347BB0F2160FEE3003D695A /* app-swooshUITests.xctest */,
			);
			name = Products;
			sourceTree = "<group>";
		};
		A347BAF22160FEE1003D695A /* app-swoosh */ = {
			isa = PBXGroup;
			children = (
				A347BAF32160FEE1003D695A /* AppDelegate.swift */,
				A347BAF52160FEE1003D695A /* ViewController.swift */,
				A347BAF72160FEE1003D695A /* Main.storyboard */,
				A347BAFA2160FEE3003D695A /* Assets.xcassets */,
				A347BAFC2160FEE3003D695A /* LaunchScreen.storyboard */,
				A347BAFF2160FEE3003D695A /* Info.plist */,
			);
			path = "app-swoosh";
			sourceTree = "<group>";
		};
		A347BB072160FEE3003D695A /* app-swooshTests */ = {
			isa = PBXGroup;
			children = (
				A347BB082160FEE3003D695A /* app_swooshTests.swift */,
				A347BB0A2160FEE3003D695A /* Info.plist */,
			);
			path = "app-swooshTests";
			sourceTree = "<group>";
		};
		A347BB122160FEE3003D695A /* app-swooshUITests */ = {
			isa = PBXGroup;
			children = (
				A347BB132160FEE3003D695A /* app_swooshUITests.swift */,
				A347BB152160FEE3003D695A /* Info.plist */,
			);
			path = "app-swooshUITests";
			sourceTree = "<group>";
		};
/* End PBXGroup section */

/* Begin PBXNativeTarget section */
		A347BAEF2160FEE1003D695A /* app-swoosh */ = {
			isa = PBXNativeTarget;
			buildConfigurationList = A347BB182160FEE3003D695A /* Build configuration list for PBXNativeTarget "app-swoosh" */;
			buildPhases = (
				A347BAEC2160FEE1003D695A /* Sources */,
				A347BAED2160FEE1003D695A /* Frameworks */,
				A347BAEE2160FEE1003D695A /* Resources */,
			);
			buildRules = (
			);
			dependencies = (
			);
			name = "app-swoosh";
			productName = "app-swoosh";
			productReference = A347BAF02160FEE1003D695A /* app-swoosh.app */;
			productType = "com.apple.product-type.application";
		};
		A347BB032160FEE3003D695A /* app-swooshTests */ = {
			isa = PBXNativeTarget;
			buildConfigurationList = A347BB1B2160FEE3003D695A /* Build configuration list for PBXNativeTarget "app-swooshTests" */;
			buildPhases = (
				A347BB002160FEE3003D695A /* Sources */,
				A347BB012160FEE3003D695A /* Frameworks */,
				A347BB022160FEE3003D695A /* Resources */,
			);
			buildRules = (
			);
			dependencies = (
				A347BB062160FEE3003D695A /* PBXTargetDependency */,
			);
			name = "app-swooshTests";
			productName = "app-swooshTests";
			productReference = A347BB042160FEE3003D695A /* app-swooshTests.xctest */;
			productType = "com.apple.product-type.bundle.unit-test";
		};
		A347BB0E2160FEE3003D695A /* app-swooshUITests */ = {
			isa = PBXNativeTarget;
			buildConfigurationList = A347BB1E2160FEE3003D695A /* Build configuration list for PBXNativeTarget "app-swooshUITests" */;
			buildPhases = (
				A347BB0B2160FEE3003D695A /* Sources */,
				A347BB0C2160FEE3003D695A /* Frameworks */,
				A347BB0D2160FEE3003D695A /* Resources */,
			);
			buildRules = (
			);
			dependencies = (
				A347BB112160FEE3003D695A /* PBXTargetDependency */,
			);
			name = "app-swooshUITests";
			productName = "app-swooshUITests";
			productReference = A347BB0F2160FEE3003D695A /* app-swooshUITests.xctest */;
			productType = "com.apple.product-type.bundle.ui-testing";
		};
/* End PBXNativeTarget section */

/* Begin PBXProject section */
		A347BAE82160FEE1003D695A /* Project object */ = {
			isa = PBXProject;
			attributes = {
				LastSwiftUpdateCheck = 1000;
				LastUpgradeCheck = 1000;
				ORGANIZATIONNAME = "Thomas Johannessen";
				TargetAttributes = {
					A347BAEF2160FEE1003D695A = {
						CreatedOnToolsVersion = 10.0;
					};
					A347BB032160FEE3003D695A = {
						CreatedOnToolsVersion = 10.0;
						TestTargetID = A347BAEF2160FEE1003D695A;
					};
					A347BB0E2160FEE3003D695A = {
						CreatedOnToolsVersion = 10.0;
						TestTargetID = A347BAEF2160FEE1003D695A;
					};
				};
			};
			buildConfigurationList = A347BAEB2160FEE1003D695A /* Build configuration list for PBXProject "app-swoosh" */;
			compatibilityVersion = "Xcode 9.3";
			developmentRegion = en;
			hasScannedForEncodings = 0;
			knownRegions = (
				en,
				Base,
			);
			mainGroup = A347BAE72160FEE1003D695A;
			productRefGroup = A347BAF12160FEE1003D695A /* Products */;
			projectDirPath = "";
			projectRoot = "";
			targets = (
				A347BAEF2160FEE1003D695A /* app-swoosh */,
				A347BB032160FEE3003D695A /* app-swooshTests */,
				A347BB0E2160FEE3003D695A /* app-swooshUITests */,
			);
		};
/* End PBXProject section */

/* Begin PBXResourcesBuildPhase section */
		A347BAEE2160FEE1003D695A /* Resources */ = {
			isa = PBXResourcesBuildPhase;
			buildActionMask = 2147483647;
			files = (
				A347BAFE2160FEE3003D695A /* LaunchScreen.storyboard in Resources */,
				A347BAFB2160FEE3003D695A /* Assets.xcassets in Resources */,
				A347BAF92160FEE1003D695A /* Main.storyboard in Resources */,
			);
			runOnlyForDeploymentPostprocessing = 0;
		};
		A347BB022160FEE3003D695A /* Resources */ = {
			isa = PBXResourcesBuildPhase;
			buildActionMask = 2147483647;
			files = (
			);
			runOnlyForDeploymentPostprocessing = 0;
		};
		A347BB0D2160FEE3003D695A /* Resources */ = {
			isa = PBXResourcesBuildPhase;
			buildActionMask = 2147483647;
			files = (
			);
			runOnlyForDeploymentPostprocessing = 0;
		};
/* End PBXResourcesBuildPhase section */

/* Begin PBXSourcesBuildPhase section */
		A347BAEC2160FEE1003D695A /* Sources */ = {
			isa = PBXSourcesBuildPhase;
			buildActionMask = 2147483647;
			files = (
				A347BAF62160FEE1003D695A /* ViewController.swift in Sources */,
				A347BAF42160FEE1003D695A /* AppDelegate.swift in Sources */,
			);
			runOnlyForDeploymentPostprocessing = 0;
		};
		A347BB002160FEE3003D695A /* Sources */ = {
			isa = PBXSourcesBuildPhase;
			buildActionMask = 2147483647;
			files = (
				A347BB092160FEE3003D695A /* app_swooshTests.swift in Sources */,
			);
			runOnlyForDeploymentPostprocessing = 0;
		};
		A347BB0B2160FEE3003D695A /* Sources */ = {
			isa = PBXSourcesBuildPhase;
			buildActionMask = 2147483647;
			files = (
				A347BB142160FEE3003D695A /* app_swooshUITests.swift in Sources */,
			);
			runOnlyForDeploymentPostprocessing = 0;
		};
/* End PBXSourcesBuildPhase section */

/* Begin PBXTargetDependency section */
		A347BB062160FEE3003D695A /* PBXTargetDependency */ = {
			isa = PBXTargetDependency;
			target = A347BAEF2160FEE1003D695A /* app-swoosh */;
			targetProxy = A347BB052160FEE3003D695A /* PBXContainerItemProxy */;
		};
		A347BB112160FEE3003D695A /* PBXTargetDependency */ = {
			isa = PBXTargetDependency;
			target = A347BAEF2160FEE1003D695A /* app-swoosh */;
			targetProxy = A347BB102160FEE3003D695A /* PBXContainerItemProxy */;
		};
/* End PBXTargetDependency section */

/* Begin PBXVariantGroup section */
		A347BAF72160FEE1003D695A /* Main.storyboard */ = {
			isa = PBXVariantGroup;
			children = (
				A347BAF82160FEE1003D695A /* Base */,
			);
			name = Main.storyboard;
			sourceTree = "<group>";
		};
		A347BAFC2160FEE3003D695A /* LaunchScreen.storyboard */ = {
			isa = PBXVariantGroup;
			children = (
				A347BAFD2160FEE3003D695A /* Base */,
			);
			name = LaunchScreen.storyboard;
			sourceTree = "<group>";
		};
/* End PBXVariantGroup section */

/* Begin XCBuildConfiguration section */
		A347BB162160FEE3003D695A /* Debug */ = {
			isa = XCBuildConfiguration;
			buildSettings = {
				ALWAYS_SEARCH_USER_PATHS = NO;
				CLANG_ANALYZER_NONNULL = YES;
				CLANG_ANALYZER_NUMBER_OBJECT_CONVERSION = YES_AGGRESSIVE;
				CLANG_CXX_LANGUAGE_STANDARD = "gnu++14";
				CLANG_CXX_LIBRARY = "libc++";
				CLANG_ENABLE_MODULES = YES;
				CLANG_ENABLE_OBJC_ARC = YES;
				CLANG_ENABLE_OBJC_WEAK = YES;
				CLANG_WARN_BLOCK_CAPTURE_AUTORELEASING = YES;
				CLANG_WARN_BOOL_CONVERSION = YES;
				CLANG_WARN_COMMA = YES;
				CLANG_WARN_CONSTANT_CONVERSION = YES;
				CLANG_WARN_DEPRECATED_OBJC_IMPLEMENTATIONS = YES;
				CLANG_WARN_DIRECT_OBJC_ISA_USAGE = YES_ERROR;
				CLANG_WARN_DOCUMENTATION_COMMENTS = YES;
				CLANG_WARN_EMPTY_BODY = YES;
				CLANG_WARN_ENUM_CONVERSION = YES;
				CLANG_WARN_INFINITE_RECURSION = YES;
				CLANG_WARN_INT_CONVERSION = YES;
				CLANG_WARN_NON_LITERAL_NULL_CONVERSION = YES;
				CLANG_WARN_OBJC_IMPLICIT_RETAIN_SELF = YES;
				CLANG_WARN_OBJC_LITERAL_CONVERSION = YES;
				CLANG_WARN_OBJC_ROOT_CLASS = YES_ERROR;
				CLANG_WARN_RANGE_LOOP_ANALYSIS = YES;
				CLANG_WARN_STRICT_PROTOTYPES = YES;
				CLANG_WARN_SUSPICIOUS_MOVE = YES;
				CLANG_WARN_UNGUARDED_AVAILABILITY = YES_AGGRESSIVE;
				CLANG_WARN_UNREACHABLE_CODE = YES;
				CLANG_WARN__DUPLICATE_METHOD_MATCH = YES;
				CODE_SIGN_IDENTITY = "iPhone Developer";
				COPY_PHASE_STRIP = NO;
				DEBUG_INFORMATION_FORMAT = dwarf;
				ENABLE_STRICT_OBJC_MSGSEND = YES;
				ENABLE_TESTABILITY = YES;
				GCC_C_LANGUAGE_STANDARD = gnu11;
				GCC_DYNAMIC_NO_PIC = NO;
				GCC_NO_COMMON_BLOCKS = YES;
				GCC_OPTIMIZATION_LEVEL = 0;
				GCC_PREPROCESSOR_DEFINITIONS = (
					"DEBUG=1",
					"$(inherited)",
				);
				GCC_WARN_64_TO_32_BIT_CONVERSION = YES;
				GCC_WARN_ABOUT_RETURN_TYPE = YES_ERROR;
				GCC_WARN_UNDECLARED_SELECTOR = YES;
				GCC_WARN_UNINITIALIZED_AUTOS = YES_AGGRESSIVE;
				GCC_WARN_UNUSED_FUNCTION = YES;
				GCC_WARN_UNUSED_VARIABLE = YES;
				IPHONEOS_DEPLOYMENT_TARGET = 12.0;
				MTL_ENABLE_DEBUG_INFO = INCLUDE_SOURCE;
				MTL_FAST_MATH = YES;
				ONLY_ACTIVE_ARCH = YES;
				SDKROOT = iphoneos;
				SWIFT_ACTIVE_COMPILATION_CONDITIONS = DEBUG;
				SWIFT_OPTIMIZATION_LEVEL = "-Onone";
			};
			name = Debug;
		};
		A347BB172160FEE3003D695A /* Release */ = {
			isa = XCBuildConfiguration;
			buildSettings = {
				ALWAYS_SEARCH_USER_PATHS = NO;
				CLANG_ANALYZER_NONNULL = YES;
				CLANG_ANALYZER_NUMBER_OBJECT_CONVERSION = YES_AGGRESSIVE;
				CLANG_CXX_LANGUAGE_STANDARD = "gnu++14";
				CLANG_CXX_LIBRARY = "libc++";
				CLANG_ENABLE_MODULES = YES;
				CLANG_ENABLE_OBJC_ARC = YES;
				CLANG_ENABLE_OBJC_WEAK = YES;
				CLANG_WARN_BLOCK_CAPTURE_AUTORELEASING = YES;
				CLANG_WARN_BOOL_CONVERSION = YES;
				CLANG_WARN_COMMA = YES;
				CLANG_WARN_CONSTANT_CONVERSION = YES;
				CLANG_WARN_DEPRECATED_OBJC_IMPLEMENTATIONS = YES;
				CLANG_WARN_DIRECT_OBJC_ISA_USAGE = YES_ERROR;
				CLANG_WARN_DOCUMENTATION_COMMENTS = YES;
				CLANG_WARN_EMPTY_BODY = YES;
				CLANG_WARN_ENUM_CONVERSION = YES;
				CLANG_WARN_INFINITE_RECURSION = YES;
				CLANG_WARN_INT_CONVERSION = YES;
				CLANG_WARN_NON_LITERAL_NULL_CONVERSION = YES;
				CLANG_WARN_OBJC_IMPLICIT_RETAIN_SELF = YES;
				CLANG_WARN_OBJC_LITERAL_CONVERSION = YES;
				CLANG_WARN_OBJC_ROOT_CLASS = YES_ERROR;
				CLANG_WARN_RANGE_LOOP_ANALYSIS = YES;
				CLANG_WARN_STRICT_PROTOTYPES = YES;
				CLANG_WARN_SUSPICIOUS_MOVE = YES;
				CLANG_WARN_UNGUARDED_AVAILABILITY = YES_AGGRESSIVE;
				CLANG_WARN_UNREACHABLE_CODE = YES;
				CLANG_WARN__DUPLICATE_METHOD_MATCH = YES;
				CODE_SIGN_IDENTITY = "iPhone Developer";
				COPY_PHASE_STRIP = NO;
				DEBUG_INFORMATION_FORMAT = "dwarf-with-dsym";
				ENABLE_NS_ASSERTIONS = NO;
				ENABLE_STRICT_OBJC_MSGSEND = YES;
				GCC_C_LANGUAGE_STANDARD = gnu11;
				GCC_NO_COMMON_BLOCKS = YES;
				GCC_WARN_64_TO_32_BIT_CONVERSION = YES;
				GCC_WARN_ABOUT_RETURN_TYPE = YES_ERROR;
				GCC_WARN_UNDECLARED_SELECTOR = YES;
				GCC_WARN_UNINITIALIZED_AUTOS = YES_AGGRESSIVE;
				GCC_WARN_UNUSED_FUNCTION = YES;
				GCC_WARN_UNUSED_VARIABLE = YES;
				IPHONEOS_DEPLOYMENT_TARGET = 12.0;
				MTL_ENABLE_DEBUG_INFO = NO;
				MTL_FAST_MATH = YES;
				SDKROOT = iphoneos;
				SWIFT_COMPILATION_MODE = wholemodule;
				SWIFT_OPTIMIZATION_LEVEL = "-O";
				VALIDATE_PRODUCT = YES;
			};
			name = Release;
		};
		A347BB192160FEE3003D695A /* Debug */ = {
			isa = XCBuildConfiguration;
			buildSettings = {
				ASSETCATALOG_COMPILER_APPICON_NAME = AppIcon;
				CODE_SIGN_STYLE = Automatic;
				DEVELOPMENT_TEAM = 7G4S474CCV;
				INFOPLIST_FILE = "app-swoosh/Info.plist";
				LD_RUNPATH_SEARCH_PATHS = (
					"$(inherited)",
					"@executable_path/Frameworks",
				);
				PRODUCT_BUNDLE_IDENTIFIER = "Dorkware.app-swoosh";
				PRODUCT_NAME = "$(TARGET_NAME)";
				SWIFT_VERSION = 4.2;
				TARGETED_DEVICE_FAMILY = "1,2";
			};
			name = Debug;
		};
		A347BB1A2160FEE3003D695A /* Release */ = {
			isa = XCBuildConfiguration;
			buildSettings = {
				ASSETCATALOG_COMPILER_APPICON_NAME = AppIcon;
				CODE_SIGN_STYLE = Automatic;
				DEVELOPMENT_TEAM = 7G4S474CCV;
				INFOPLIST_FILE = "app-swoosh/Info.plist";
				LD_RUNPATH_SEARCH_PATHS = (
					"$(inherited)",
					"@executable_path/Frameworks",
				);
				PRODUCT_BUNDLE_IDENTIFIER = "Dorkware.app-swoosh";
				PRODUCT_NAME = "$(TARGET_NAME)";
				SWIFT_VERSION = 4.2;
				TARGETED_DEVICE_FAMILY = "1,2";
			};
			name = Release;
		};
		A347BB1C2160FEE3003D695A /* Debug */ = {
			isa = XCBuildConfiguration;
			buildSettings = {
				ALWAYS_EMBED_SWIFT_STANDARD_LIBRARIES = YES;
				BUNDLE_LOADER = "$(TEST_HOST)";
				CODE_SIGN_STYLE = Automatic;
				DEVELOPMENT_TEAM = 7G4S474CCV;
				INFOPLIST_FILE = "app-swooshTests/Info.plist";
				LD_RUNPATH_SEARCH_PATHS = (
					"$(inherited)",
					"@executable_path/Frameworks",
					"@loader_path/Frameworks",
				);
				PRODUCT_BUNDLE_IDENTIFIER = "Dorkware.app-swooshTests";
				PRODUCT_NAME = "$(TARGET_NAME)";
				SWIFT_VERSION = 4.2;
				TARGETED_DEVICE_FAMILY = "1,2";
				TEST_HOST = "$(BUILT_PRODUCTS_DIR)/app-swoosh.app/app-swoosh";
			};
			name = Debug;
		};
		A347BB1D2160FEE3003D695A /* Release */ = {
			isa = XCBuildConfiguration;
			buildSettings = {
				ALWAYS_EMBED_SWIFT_STANDARD_LIBRARIES = YES;
				BUNDLE_LOADER = "$(TEST_HOST)";
				CODE_SIGN_STYLE = Automatic;
				DEVELOPMENT_TEAM = 7G4S474CCV;
				INFOPLIST_FILE = "app-swooshTests/Info.plist";
				LD_RUNPATH_SEARCH_PATHS = (
					"$(inherited)",
					"@executable_path/Frameworks",
					"@loader_path/Frameworks",
				);
				PRODUCT_BUNDLE_IDENTIFIER = "Dorkware.app-swooshTests";
				PRODUCT_NAME = "$(TARGET_NAME)";
				SWIFT_VERSION = 4.2;
				TARGETED_DEVICE_FAMILY = "1,2";
				TEST_HOST = "$(BUILT_PRODUCTS_DIR)/app-swoosh.app/app-swoosh";
			};
			name = Release;
		};
		A347BB1F2160FEE3003D695A /* Debug */ = {
			isa = XCBuildConfiguration;
			buildSettings = {
				ALWAYS_EMBED_SWIFT_STANDARD_LIBRARIES = YES;
				CODE_SIGN_STYLE = Automatic;
				DEVELOPMENT_TEAM = 7G4S474CCV;
				INFOPLIST_FILE = "app-swooshUITests/Info.plist";
				LD_RUNPATH_SEARCH_PATHS = (
					"$(inherited)",
					"@executable_path/Frameworks",
					"@loader_path/Frameworks",
				);
				PRODUCT_BUNDLE_IDENTIFIER = "Dorkware.app-swooshUITests";
				PRODUCT_NAME = "$(TARGET_NAME)";
				SWIFT_VERSION = 4.2;
				TARGETED_DEVICE_FAMILY = "1,2";
				TEST_TARGET_NAME = "app-swoosh";
			};
			name = Debug;
		};
		A347BB202160FEE3003D695A /* Release */ = {
			isa = XCBuildConfiguration;
			buildSettings = {
				ALWAYS_EMBED_SWIFT_STANDARD_LIBRARIES = YES;
				CODE_SIGN_STYLE = Automatic;
				DEVELOPMENT_TEAM = 7G4S474CCV;
				INFOPLIST_FILE = "app-swooshUITests/Info.plist";
				LD_RUNPATH_SEARCH_PATHS = (
					"$(inherited)",
					"@executable_path/Frameworks",
					"@loader_path/Frameworks",
				);
				PRODUCT_BUNDLE_IDENTIFIER = "Dorkware.app-swooshUITests";
				PRODUCT_NAME = "$(TARGET_NAME)";
				SWIFT_VERSION = 4.2;
				TARGETED_DEVICE_FAMILY = "1,2";
				TEST_TARGET_NAME = "app-swoosh";
			};
			name = Release;
		};
/* End XCBuildConfiguration section */

/* Begin XCConfigurationList section */
		A347BAEB2160FEE1003D695A /* Build configuration list for PBXProject "app-swoosh" */ = {
			isa = XCConfigurationList;
			buildConfigurations = (
				A347BB162160FEE3003D695A /* Debug */,
				A347BB172160FEE3003D695A /* Release */,
			);
			defaultConfigurationIsVisible = 0;
			defaultConfigurationName = Release;
		};
		A347BB182160FEE3003D695A /* Build configuration list for PBXNativeTarget "app-swoosh" */ = {
			isa = XCConfigurationList;
			buildConfigurations = (
				A347BB192160FEE3003D695A /* Debug */,
				A347BB1A2160FEE3003D695A /* Release */,
			);
			defaultConfigurationIsVisible = 0;
			defaultConfigurationName = Release;
		};
		A347BB1B2160FEE3003D695A /* Build configuration list for PBXNativeTarget "app-swooshTests" */ = {
			isa = XCConfigurationList;
			buildConfigurations = (
				A347BB1C2160FEE3003D695A /* Debug */,
				A347BB1D2160FEE3003D695A /* Release */,
			);
			defaultConfigurationIsVisible = 0;
			defaultConfigurationName = Release;
		};
		A347BB1E2160FEE3003D695A /* Build configuration list for PBXNativeTarget "app-swooshUITests" */ = {
			isa = XCConfigurationList;
			buildConfigurations = (
				A347BB1F2160FEE3003D695A /* Debug */,
				A347BB202160FEE3003D695A /* Release */,
			);
			defaultConfigurationIsVisible = 0;
			defaultConfigurationName = Release;
		};
/* End XCConfigurationList section */
	};
	rootObject = A347BAE82160FEE1003D695A /* Project object */;
}
